
Microsoft Visual Studio Solution File, Format Version 12.00
# Visual Studio Version 17
VisualStudioVersion = 17.4.33122.133
MinimumVisualStudioVersion = 10.0.40219.1
Project("{9A19103F-16F7-4668-BE54-9A1E7A4F7556}") = "Digiflex", "Digiflex.csproj", "{3DEB53DE-2AE3-4CB9-801B-B05D1E67B462}"
EndProject
Global
	GlobalSection(SolutionConfigurationPlatforms) = preSolution
		Debug|Any CPU = Debug|Any CPU
		Release|Any CPU = Release|Any CPU
	EndGlobalSection
	GlobalSection(ProjectConfigurationPlatforms) = postSolution
		{3DEB53DE-2AE3-4CB9-801B-B05D1E67B462}.Debug|Any CPU.ActiveCfg = Debug|Any CPU
		{3DEB53DE-2AE3-4CB9-801B-B05D1E67B462}.Debug|Any CPU.Build.0 = Debug|Any CPU
		{3DEB53DE-2AE3-4CB9-801B-B05D1E67B462}.Release|Any CPU.ActiveCfg = Release|Any CPU
		{3DEB53DE-2AE3-4CB9-801B-B05D1E67B462}.Release|Any CPU.Build.0 = Release|Any CPU
	EndGlobalSection
	GlobalSection(SolutionProperties) = preSolution
		HideSolutionNode = FALSE
	EndGlobalSection
	GlobalSection(ExtensibilityGlobals) = postSolution
		SolutionGuid = {5AF80219-B570-4668-94FF-F17D2EFF56E3}
	EndGlobalSection
EndGlobal
